<?xml version="1.0" encoding="utf-8"?>
<Project ToolsVersion="4.0" xmlns="http://schemas.microsoft.com/developer/msbuild/2003">
  <ItemGroup>
    <Filter Include="GameCore">
      <UniqueIdentifier>{88d85ae2-cd51-4b77-a35b-b2a8870fb2a8}</UniqueIdentifier>
    </Filter>
    <Filter Include="GameFramework">
      <UniqueIdentifier>{8fc2c207-7613-408a-b474-a90108d39e04}</UniqueIdentifier>
    </Filter>
    <Filter Include="GameFramework\Level">
      <UniqueIdentifier>{f22de012-43c1-4f30-8906-5d411ca3664c}</UniqueIdentifier>
    </Filter>
    <Filter Include="LiveCreate">
      <UniqueIdentifier>{a5d4d4d0-29ec-46a7-bcb8-8f49e9f4caeb}</UniqueIdentifier>
    </Filter>
    <Filter Include="GameGlobals">
      <UniqueIdentifier>{956a6666-0529-4eed-8ada-f59af631afb4}</UniqueIdentifier>
    </Filter>
  </ItemGroup>
  <ItemGroup>
    <ClCompile Include="GameCore\EditorGame.cpp">
      <Filter>GameCore</Filter>
    </ClCompile>
    <ClCompile Include="GameCore\Game.cpp">
      <Filter>GameCore</Filter>
    </ClCompile>
    <ClCompile Include="GameCore\GameDll.cpp">
      <Filter>GameCore</Filter>
    </ClCompile>
    <ClCompile Include="GameCore\GameDLL_PRX.cpp">
      <Filter>GameCore</Filter>
    </ClCompile>
    <ClCompile Include="GameCore\GameStartup.cpp">
      <Filter>GameCore</Filter>
    </ClCompile>
    <ClCompile Include="GameFramework\MiniGameContext.cpp">
      <Filter>GameFramework</Filter>
    </ClCompile>
    <ClCompile Include="GameFramework\MiniGameFramework.cpp">
      <Filter>GameFramework</Filter>
    </ClCompile>
    <ClCompile Include="GameFramework\Level\MiniLevel.cpp">
      <Filter>GameFramework\Level</Filter>
    </ClCompile>
    <ClCompile Include="GameFramework\Level\MiniLevelInfo.cpp">
      <Filter>GameFramework\Level</Filter>
    </ClCompile>
    <ClCompile Include="GameFramework\Level\MiniLevelRotation.cpp">
      <Filter>GameFramework\Level</Filter>
    </ClCompile>
    <ClCompile Include="GameFramework\Level\MiniLevelSystem.cpp">
      <Filter>GameFramework\Level</Filter>
    </ClCompile>
    <ClCompile Include="LiveCreate\GameRealtimeRemoteUpdate.cpp">
      <Filter>LiveCreate</Filter>
    </ClCompile>
    <ClCompile Include="GameGlobals\GameCCmds.cpp">
      <Filter>GameGlobals</Filter>
    </ClCompile>
    <ClCompile Include="GameGlobals\GameCVars.cpp">
      <Filter>GameGlobals</Filter>
    </ClCompile>
    <ClCompile Include="GameSkeleton_GameCore_uber.cpp" />
    <ClCompile Include="GameSkeleton_GameFramework_uber.cpp" />
    <ClCompile Include="GameSkeleton_GameGlobals_uber.cpp" />
    <ClCompile Include="GameSkeleton_LiveCreate_uber.cpp" />
    <ClCompile Include="StdAfx.cpp" />
  </ItemGroup>
  <ItemGroup>
    <ClInclude Include="GameCore\EditorGame.h">
      <Filter>GameCore</Filter>
    </ClInclude>
    <ClInclude Include="GameCore\Game.h">
      <Filter>GameCore</Filter>
    </ClInclude>
    <ClInclude Include="GameCore\GameConfig.h">
      <Filter>GameCore</Filter>
    </ClInclude>
    <ClInclude Include="GameCore\GameStartup.h">
      <Filter>GameCore</Filter>
    </ClInclude>
    <ClInclude Include="GameFramework\MiniGameContext.h">
      <Filter>GameFramework</Filter>
    </ClInclude>
    <ClInclude Include="GameFramework\MiniGameFramework.h">
      <Filter>GameFramework</Filter>
    </ClInclude>
    <ClInclude Include="GameFramework\Level\MiniLevel.h">
      <Filter>GameFramework\Level</Filter>
    </ClInclude>
    <ClInclude Include="GameFramework\Level\MiniLevelInfo.h">
      <Filter>GameFramework\Level</Filter>
    </ClInclude>
    <ClInclude Include="GameFramework\Level\MiniLevelRotation.h">
      <Filter>GameFramework\Level</Filter>
    </ClInclude>
    <ClInclude Include="GameFramework\Level\MiniLevelSystem.h">
      <Filter>GameFramework\Level</Filter>
    </ClInclude>
    <ClInclude Include="LiveCreate\GameRealtimeRemoteUpdate.h">
      <Filter>LiveCreate</Filter>
    </ClInclude>
    <ClInclude Include="GameGlobals\GameCCmds.h">
      <Filter>GameGlobals</Filter>
    </ClInclude>
    <ClInclude Include="GameGlobals\GameCVars.h">
      <Filter>GameGlobals</Filter>
    </ClInclude>
    <ClInclude Include="resource.h" />
    <ClInclude Include="StdAfx.h" />
  </ItemGroup>
  <ItemGroup>
    <ResourceCompile Include="GameSkeletonDll.rc" />
  </ItemGroup>
</Project>